{
  "version": 4,
  "terraform_version": "1.12.1",
  "serial": 27,
  "lineage": "f500db8e-6b12-6aef-aea2-3793b4c5904d",
  "outputs": {
    "all_container_names": {
      "value": [
        "django-app-0",
        "django-app-1",
        "postgres",
        "prometheus",
        "grafana",
        "alertmanager"
      ],
      "type": [
        "tuple",
        [
          "string",
          "string",
          "string",
          "string",
          "string",
          "string"
        ]
      ]
    }
  },
  "resources": [
    {
      "mode": "managed",
      "type": "docker_network",
      "name": "app_network",
      "provider": "provider[\"registry.terraform.io/kreuzwerker/docker\"]",
      "instances": [
        {
          "schema_version": 1,
          "attributes": {
            "attachable": false,
            "check_duplicate": null,
            "driver": "bridge",
            "id": "15902bd02ddc2e75bf5ed0bb40827905978e592c6a41e49e5bc2e22312d6cece",
            "ingress": false,
            "internal": false,
            "ipam_config": [
              {
                "aux_address": {},
                "gateway": "172.20.0.1",
                "ip_range": "",
                "subnet": "172.20.0.0/16"
              }
            ],
            "ipam_driver": "default",
            "ipam_options": {},
            "ipv6": false,
            "labels": [],
            "name": "todo-app-network",
            "options": {
              "com.docker.network.enable_ipv4": "true",
              "com.docker.network.enable_ipv6": "false"
            },
            "scope": "local"
          },
          "sensitive_attributes": [],
          "identity_schema_version": 0,
          "private": "eyJzY2hlbWFfdmVyc2lvbiI6IjEifQ=="
        }
      ]
    },
    {
      "module": "module.django",
      "mode": "managed",
      "type": "docker_container",
      "name": "django",
      "provider": "provider[\"registry.terraform.io/kreuzwerker/docker\"]",
      "instances": [
        {
          "index_key": 0,
          "schema_version": 2,
          "attributes": {
            "attach": false,
            "bridge": "",
            "capabilities": [],
            "cgroupns_mode": null,
            "command": [
              "gunicorn",
              "--bind",
              "0.0.0.0:8000",
              "core.wsgi:application"
            ],
            "container_logs": null,
            "container_read_refresh_timeout_milliseconds": 15000,
            "cpu_set": "",
            "cpu_shares": 0,
            "cpus": null,
            "destroy_grace_seconds": null,
            "devices": [],
            "dns": null,
            "dns_opts": null,
            "dns_search": null,
            "domainname": "",
            "entrypoint": [],
            "env": [
              "DATABASE_URL=postgresql://user:password@postgres:5432/todo_db"
            ],
            "exit_code": null,
            "gpus": null,
            "group_add": null,
            "healthcheck": null,
            "host": [],
            "hostname": "3583d56a0dd3",
            "id": "3583d56a0dd340cc287235df697603404cafed597abe13542a3c47615b05137e",
            "image": "django-to-do-web:latest",
            "init": false,
            "ipc_mode": "private",
            "labels": [],
            "log_driver": "json-file",
            "log_opts": null,
            "logs": false,
            "max_retry_count": 0,
            "memory": 0,
            "memory_swap": 0,
            "mounts": [],
            "must_run": true,
            "name": "django-app-0",
            "network_data": [
              {
                "gateway": "172.20.0.1",
                "global_ipv6_address": "",
                "global_ipv6_prefix_length": 0,
                "ip_address": "172.20.0.8",
                "ip_prefix_length": 16,
                "ipv6_gateway": "",
                "mac_address": "b6:10:ea:4d:4b:89",
                "network_name": "todo-app-network"
              }
            ],
            "network_mode": "bridge",
            "networks_advanced": [
              {
                "aliases": [],
                "ipv4_address": "",
                "ipv6_address": "",
                "name": "todo-app-network"
              }
            ],
            "pid_mode": "",
            "ports": [
              {
                "external": 8000,
                "internal": 8000,
                "ip": "0.0.0.0",
                "protocol": "tcp"
              }
            ],
            "privileged": false,
            "publish_all_ports": false,
            "read_only": false,
            "remove_volumes": true,
            "restart": "no",
            "rm": false,
            "runtime": "runc",
            "security_opts": [],
            "shm_size": 64,
            "start": true,
            "stdin_open": false,
            "stop_signal": "",
            "stop_timeout": 0,
            "storage_opts": null,
            "sysctls": null,
            "tmpfs": null,
            "tty": false,
            "ulimit": [],
            "upload": [],
            "user": "",
            "userns_mode": "",
            "volumes": [],
            "wait": false,
            "wait_timeout": 60,
            "working_dir": "/app"
          },
          "sensitive_attributes": [],
          "identity_schema_version": 0,
          "private": "eyJzY2hlbWFfdmVyc2lvbiI6IjIifQ==",
          "dependencies": [
            "docker_network.app_network",
            "module.django.docker_image.django",
            "module.postgres.docker_container.postgres",
            "module.postgres.docker_image.postgres",
            "module.postgres.docker_volume.postgres_data"
          ]
        },
        {
          "index_key": 1,
          "schema_version": 2,
          "attributes": {
            "attach": false,
            "bridge": "",
            "capabilities": [],
            "cgroupns_mode": null,
            "command": [
              "gunicorn",
              "--bind",
              "0.0.0.0:8000",
              "core.wsgi:application"
            ],
            "container_logs": null,
            "container_read_refresh_timeout_milliseconds": 15000,
            "cpu_set": "",
            "cpu_shares": 0,
            "cpus": null,
            "destroy_grace_seconds": null,
            "devices": [],
            "dns": null,
            "dns_opts": null,
            "dns_search": null,
            "domainname": "",
            "entrypoint": [],
            "env": [
              "DATABASE_URL=postgresql://user:password@postgres:5432/todo_db"
            ],
            "exit_code": null,
            "gpus": null,
            "group_add": null,
            "healthcheck": null,
            "host": [],
            "hostname": "f1e43f0f110d",
            "id": "f1e43f0f110d13726782849a9ba72da1b1a12f87659b9018aa81a40e18f9de25",
            "image": "django-to-do-web:latest",
            "init": false,
            "ipc_mode": "private",
            "labels": [],
            "log_driver": "json-file",
            "log_opts": null,
            "logs": false,
            "max_retry_count": 0,
            "memory": 0,
            "memory_swap": 0,
            "mounts": [],
            "must_run": true,
            "name": "django-app-1",
            "network_data": [
              {
                "gateway": "172.20.0.1",
                "global_ipv6_address": "",
                "global_ipv6_prefix_length": 0,
                "ip_address": "172.20.0.7",
                "ip_prefix_length": 16,
                "ipv6_gateway": "",
                "mac_address": "76:82:de:02:63:02",
                "network_name": "todo-app-network"
              }
            ],
            "network_mode": "bridge",
            "networks_advanced": [
              {
                "aliases": [],
                "ipv4_address": "",
                "ipv6_address": "",
                "name": "todo-app-network"
              }
            ],
            "pid_mode": "",
            "ports": [
              {
                "external": 8001,
                "internal": 8000,
                "ip": "0.0.0.0",
                "protocol": "tcp"
              }
            ],
            "privileged": false,
            "publish_all_ports": false,
            "read_only": false,
            "remove_volumes": true,
            "restart": "no",
            "rm": false,
            "runtime": "runc",
            "security_opts": [],
            "shm_size": 64,
            "start": true,
            "stdin_open": false,
            "stop_signal": "",
            "stop_timeout": 0,
            "storage_opts": null,
            "sysctls": null,
            "tmpfs": null,
            "tty": false,
            "ulimit": [],
            "upload": [],
            "user": "",
            "userns_mode": "",
            "volumes": [],
            "wait": false,
            "wait_timeout": 60,
            "working_dir": "/app"
          },
          "sensitive_attributes": [],
          "identity_schema_version": 0,
          "private": "eyJzY2hlbWFfdmVyc2lvbiI6IjIifQ==",
          "dependencies": [
            "docker_network.app_network",
            "module.django.docker_image.django",
            "module.postgres.docker_container.postgres",
            "module.postgres.docker_image.postgres",
            "module.postgres.docker_volume.postgres_data"
          ]
        }
      ]
    },
    {
      "module": "module.django",
      "mode": "managed",
      "type": "docker_image",
      "name": "django",
      "provider": "provider[\"registry.terraform.io/kreuzwerker/docker\"]",
      "instances": [
        {
          "schema_version": 0,
          "attributes": {
            "build": [],
            "force_remove": null,
            "id": "sha256:c6fc93796bd3ad28e1ba2e015ae7dcac02b51e12762e724ee4bf2bc19e82023bdjango-to-do-web:latest",
            "image_id": "sha256:c6fc93796bd3ad28e1ba2e015ae7dcac02b51e12762e724ee4bf2bc19e82023b",
            "keep_locally": true,
            "name": "django-to-do-web:latest",
            "platform": null,
            "pull_triggers": null,
            "repo_digest": "django-to-do-web@sha256:c6fc93796bd3ad28e1ba2e015ae7dcac02b51e12762e724ee4bf2bc19e82023b",
            "timeouts": null,
            "triggers": null
          },
          "sensitive_attributes": [],
          "identity_schema_version": 0,
          "private": "eyJlMmJmYjczMC1lY2FhLTExZTYtOGY4OC0zNDM2M2JjN2M0YzAiOnsiY3JlYXRlIjoxMjAwMDAwMDAwMDAwLCJkZWxldGUiOjEyMDAwMDAwMDAwMDAsInVwZGF0ZSI6MTIwMDAwMDAwMDAwMH19"
        }
      ]
    },
    {
      "module": "module.monitoring",
      "mode": "managed",
      "type": "docker_container",
      "name": "alertmanager",
      "provider": "provider[\"registry.terraform.io/kreuzwerker/docker\"]",
      "instances": [
        {
          "schema_version": 2,
          "attributes": {
            "attach": false,
            "bridge": "",
            "capabilities": [],
            "cgroupns_mode": null,
            "command": [
              "--config.file=/etc/alertmanager/alertmanager.yml"
            ],
            "container_logs": null,
            "container_read_refresh_timeout_milliseconds": 15000,
            "cpu_set": "",
            "cpu_shares": 0,
            "cpus": null,
            "destroy_grace_seconds": null,
            "devices": [],
            "dns": [],
            "dns_opts": [],
            "dns_search": [],
            "domainname": "",
            "entrypoint": [
              "/bin/alertmanager"
            ],
            "env": [],
            "exit_code": null,
            "gpus": null,
            "group_add": [],
            "healthcheck": [],
            "host": [],
            "hostname": "60b9495f4e1c",
            "id": "60b9495f4e1c92caafd1c08a6e1241bbd100e98b1e9d002332171df51fabb7fd",
            "image": "prom/alertmanager:v0.26.0",
            "init": false,
            "ipc_mode": "private",
            "labels": [],
            "log_driver": "json-file",
            "log_opts": {},
            "logs": false,
            "max_retry_count": 0,
            "memory": 0,
            "memory_swap": 0,
            "mounts": [],
            "must_run": true,
            "name": "alertmanager",
            "network_data": [
              {
                "gateway": "172.20.0.1",
                "global_ipv6_address": "",
                "global_ipv6_prefix_length": 0,
                "ip_address": "172.20.0.5",
                "ip_prefix_length": 16,
                "ipv6_gateway": "",
                "mac_address": "ce:6e:50:a3:b3:9e",
                "network_name": "todo-app-network"
              }
            ],
            "network_mode": "bridge",
            "networks_advanced": [
              {
                "aliases": [],
                "ipv4_address": "",
                "ipv6_address": "",
                "name": "todo-app-network"
              }
            ],
            "pid_mode": "",
            "ports": [
              {
                "external": 9093,
                "internal": 9093,
                "ip": "0.0.0.0",
                "protocol": "tcp"
              }
            ],
            "privileged": false,
            "publish_all_ports": false,
            "read_only": false,
            "remove_volumes": true,
            "restart": "no",
            "rm": false,
            "runtime": "runc",
            "security_opts": [],
            "shm_size": 64,
            "start": true,
            "stdin_open": false,
            "stop_signal": "",
            "stop_timeout": 0,
            "storage_opts": {},
            "sysctls": {},
            "tmpfs": {},
            "tty": false,
            "ulimit": [],
            "upload": [],
            "user": "nobody",
            "userns_mode": "",
            "volumes": [
              {
                "container_path": "/alertmanager",
                "from_container": "",
                "host_path": "",
                "read_only": false,
                "volume_name": "alertmanager_data"
              },
              {
                "container_path": "/etc/alertmanager/alertmanager.yml",
                "from_container": "",
                "host_path": "C:/Users/acer/Desktop/SRE/django-to-do/terraform/alertmanager.yml",
                "read_only": false,
                "volume_name": ""
              }
            ],
            "wait": false,
            "wait_timeout": 60,
            "working_dir": "/alertmanager"
          },
          "sensitive_attributes": [],
          "identity_schema_version": 0,
          "private": "eyJzY2hlbWFfdmVyc2lvbiI6IjIifQ==",
          "dependencies": [
            "docker_network.app_network",
            "module.monitoring.docker_image.alertmanager",
            "module.monitoring.docker_volume.alertmanager_data"
          ]
        }
      ]
    },
    {
      "module": "module.monitoring",
      "mode": "managed",
      "type": "docker_container",
      "name": "grafana",
      "provider": "provider[\"registry.terraform.io/kreuzwerker/docker\"]",
      "instances": [
        {
          "schema_version": 2,
          "attributes": {
            "attach": false,
            "bridge": "",
            "capabilities": [],
            "cgroupns_mode": null,
            "command": [],
            "container_logs": null,
            "container_read_refresh_timeout_milliseconds": 15000,
            "cpu_set": "",
            "cpu_shares": 0,
            "cpus": null,
            "destroy_grace_seconds": null,
            "devices": [],
            "dns": [],
            "dns_opts": [],
            "dns_search": [],
            "domainname": "",
            "entrypoint": [
              "/run.sh"
            ],
            "env": [
              "GF_SECURITY_ADMIN_PASSWORD=admin",
              "GF_SECURITY_ADMIN_USER=admin"
            ],
            "exit_code": null,
            "gpus": null,
            "group_add": [],
            "healthcheck": [],
            "host": [],
            "hostname": "66485d918c3b",
            "id": "66485d918c3bd52e9772f705540595c55900f8a1cd9ebd9c07206b59ddd4e270",
            "image": "grafana/grafana:10.2.0",
            "init": false,
            "ipc_mode": "private",
            "labels": [],
            "log_driver": "json-file",
            "log_opts": {},
            "logs": false,
            "max_retry_count": 0,
            "memory": 0,
            "memory_swap": 0,
            "mounts": [],
            "must_run": true,
            "name": "grafana",
            "network_data": [
              {
                "gateway": "172.20.0.1",
                "global_ipv6_address": "",
                "global_ipv6_prefix_length": 0,
                "ip_address": "172.20.0.2",
                "ip_prefix_length": 16,
                "ipv6_gateway": "",
                "mac_address": "d2:61:59:54:8a:2b",
                "network_name": "todo-app-network"
              }
            ],
            "network_mode": "bridge",
            "networks_advanced": [
              {
                "aliases": [],
                "ipv4_address": "",
                "ipv6_address": "",
                "name": "todo-app-network"
              }
            ],
            "pid_mode": "",
            "ports": [
              {
                "external": 3000,
                "internal": 3000,
                "ip": "0.0.0.0",
                "protocol": "tcp"
              }
            ],
            "privileged": false,
            "publish_all_ports": false,
            "read_only": false,
            "remove_volumes": true,
            "restart": "no",
            "rm": false,
            "runtime": "runc",
            "security_opts": [],
            "shm_size": 64,
            "start": true,
            "stdin_open": false,
            "stop_signal": "",
            "stop_timeout": 0,
            "storage_opts": {},
            "sysctls": {},
            "tmpfs": {},
            "tty": false,
            "ulimit": [],
            "upload": [],
            "user": "472",
            "userns_mode": "",
            "volumes": [
              {
                "container_path": "/var/lib/grafana",
                "from_container": "",
                "host_path": "",
                "read_only": false,
                "volume_name": "grafana_data"
              }
            ],
            "wait": false,
            "wait_timeout": 60,
            "working_dir": "/usr/share/grafana"
          },
          "sensitive_attributes": [],
          "identity_schema_version": 0,
          "private": "eyJzY2hlbWFfdmVyc2lvbiI6IjIifQ==",
          "dependencies": [
            "docker_network.app_network",
            "module.monitoring.docker_image.grafana",
            "module.monitoring.docker_volume.grafana_data"
          ]
        }
      ]
    },
    {
      "module": "module.monitoring",
      "mode": "managed",
      "type": "docker_container",
      "name": "prometheus",
      "provider": "provider[\"registry.terraform.io/kreuzwerker/docker\"]",
      "instances": [
        {
          "schema_version": 2,
          "attributes": {
            "attach": false,
            "bridge": "",
            "capabilities": [],
            "cgroupns_mode": null,
            "command": [
              "--config.file=/etc/prometheus/prometheus.yml",
              "--storage.tsdb.path=/prometheus"
            ],
            "container_logs": null,
            "container_read_refresh_timeout_milliseconds": 15000,
            "cpu_set": "",
            "cpu_shares": 0,
            "cpus": null,
            "destroy_grace_seconds": null,
            "devices": [],
            "dns": [],
            "dns_opts": [],
            "dns_search": [],
            "domainname": "",
            "entrypoint": [
              "/bin/prometheus"
            ],
            "env": [],
            "exit_code": null,
            "gpus": null,
            "group_add": [],
            "healthcheck": [],
            "host": [],
            "hostname": "f502e193f25f",
            "id": "f502e193f25f0519457bd578ce913b7c07481fa6706f7f022baee9e463502db3",
            "image": "prom/prometheus:v2.48.0",
            "init": false,
            "ipc_mode": "private",
            "labels": [],
            "log_driver": "json-file",
            "log_opts": {},
            "logs": false,
            "max_retry_count": 0,
            "memory": 0,
            "memory_swap": 0,
            "mounts": [],
            "must_run": true,
            "name": "prometheus",
            "network_data": [
              {
                "gateway": "172.20.0.1",
                "global_ipv6_address": "",
                "global_ipv6_prefix_length": 0,
                "ip_address": "172.20.0.6",
                "ip_prefix_length": 16,
                "ipv6_gateway": "",
                "mac_address": "3e:c8:a3:84:ec:8f",
                "network_name": "todo-app-network"
              }
            ],
            "network_mode": "bridge",
            "networks_advanced": [
              {
                "aliases": [],
                "ipv4_address": "",
                "ipv6_address": "",
                "name": "todo-app-network"
              }
            ],
            "pid_mode": "",
            "ports": [
              {
                "external": 9090,
                "internal": 9090,
                "ip": "0.0.0.0",
                "protocol": "tcp"
              }
            ],
            "privileged": false,
            "publish_all_ports": false,
            "read_only": false,
            "remove_volumes": true,
            "restart": "no",
            "rm": false,
            "runtime": "runc",
            "security_opts": [],
            "shm_size": 64,
            "start": true,
            "stdin_open": false,
            "stop_signal": "",
            "stop_timeout": 0,
            "storage_opts": {},
            "sysctls": {},
            "tmpfs": {},
            "tty": false,
            "ulimit": [],
            "upload": [],
            "user": "nobody",
            "userns_mode": "",
            "volumes": [
              {
                "container_path": "/etc/prometheus/prometheus.yml",
                "from_container": "",
                "host_path": "C:/Users/acer/Desktop/SRE/django-to-do/terraform/prometheus.yml",
                "read_only": false,
                "volume_name": ""
              },
              {
                "container_path": "/etc/prometheus/rules.yml",
                "from_container": "",
                "host_path": "C:/Users/acer/Desktop/SRE/django-to-do/terraform/rules.yml",
                "read_only": false,
                "volume_name": ""
              },
              {
                "container_path": "/prometheus",
                "from_container": "",
                "host_path": "",
                "read_only": false,
                "volume_name": "prometheus_data"
              }
            ],
            "wait": false,
            "wait_timeout": 60,
            "working_dir": "/prometheus"
          },
          "sensitive_attributes": [],
          "identity_schema_version": 0,
          "private": "eyJzY2hlbWFfdmVyc2lvbiI6IjIifQ==",
          "dependencies": [
            "docker_network.app_network",
            "module.monitoring.docker_image.prometheus",
            "module.monitoring.docker_volume.prometheus_data"
          ]
        }
      ]
    },
    {
      "module": "module.monitoring",
      "mode": "managed",
      "type": "docker_image",
      "name": "alertmanager",
      "provider": "provider[\"registry.terraform.io/kreuzwerker/docker\"]",
      "instances": [
        {
          "schema_version": 0,
          "attributes": {
            "build": [],
            "force_remove": null,
            "id": "sha256:361db356b33041437517f1cd298462055580585f26555c317df1a3caf2868552prom/alertmanager:v0.26.0",
            "image_id": "sha256:361db356b33041437517f1cd298462055580585f26555c317df1a3caf2868552",
            "keep_locally": true,
            "name": "prom/alertmanager:v0.26.0",
            "platform": null,
            "pull_triggers": null,
            "repo_digest": "prom/alertmanager@sha256:361db356b33041437517f1cd298462055580585f26555c317df1a3caf2868552",
            "timeouts": null,
            "triggers": null
          },
          "sensitive_attributes": [],
          "identity_schema_version": 0,
          "private": "eyJlMmJmYjczMC1lY2FhLTExZTYtOGY4OC0zNDM2M2JjN2M0YzAiOnsiY3JlYXRlIjoxMjAwMDAwMDAwMDAwLCJkZWxldGUiOjEyMDAwMDAwMDAwMDAsInVwZGF0ZSI6MTIwMDAwMDAwMDAwMH19"
        }
      ]
    },
    {
      "module": "module.monitoring",
      "mode": "managed",
      "type": "docker_image",
      "name": "grafana",
      "provider": "provider[\"registry.terraform.io/kreuzwerker/docker\"]",
      "instances": [
        {
          "schema_version": 0,
          "attributes": {
            "build": [],
            "force_remove": null,
            "id": "sha256:1ee0c54286b8ca09a3dd1419ff8653e7780a148a006ac088544203bb0affe550grafana/grafana:10.2.0",
            "image_id": "sha256:1ee0c54286b8ca09a3dd1419ff8653e7780a148a006ac088544203bb0affe550",
            "keep_locally": true,
            "name": "grafana/grafana:10.2.0",
            "platform": null,
            "pull_triggers": null,
            "repo_digest": "grafana/grafana@sha256:1ee0c54286b8ca09a3dd1419ff8653e7780a148a006ac088544203bb0affe550",
            "timeouts": null,
            "triggers": null
          },
          "sensitive_attributes": [],
          "identity_schema_version": 0,
          "private": "eyJlMmJmYjczMC1lY2FhLTExZTYtOGY4OC0zNDM2M2JjN2M0YzAiOnsiY3JlYXRlIjoxMjAwMDAwMDAwMDAwLCJkZWxldGUiOjEyMDAwMDAwMDAwMDAsInVwZGF0ZSI6MTIwMDAwMDAwMDAwMH19"
        }
      ]
    },
    {
      "module": "module.monitoring",
      "mode": "managed",
      "type": "docker_image",
      "name": "prometheus",
      "provider": "provider[\"registry.terraform.io/kreuzwerker/docker\"]",
      "instances": [
        {
          "schema_version": 0,
          "attributes": {
            "build": [],
            "force_remove": null,
            "id": "sha256:b440bc0e8aa5bab44a782952c09516b6a50f9d7b2325c1ffafac7bc833298e2eprom/prometheus:v2.48.0",
            "image_id": "sha256:b440bc0e8aa5bab44a782952c09516b6a50f9d7b2325c1ffafac7bc833298e2e",
            "keep_locally": true,
            "name": "prom/prometheus:v2.48.0",
            "platform": null,
            "pull_triggers": null,
            "repo_digest": "prom/prometheus@sha256:b440bc0e8aa5bab44a782952c09516b6a50f9d7b2325c1ffafac7bc833298e2e",
            "timeouts": null,
            "triggers": null
          },
          "sensitive_attributes": [],
          "identity_schema_version": 0,
          "private": "eyJlMmJmYjczMC1lY2FhLTExZTYtOGY4OC0zNDM2M2JjN2M0YzAiOnsiY3JlYXRlIjoxMjAwMDAwMDAwMDAwLCJkZWxldGUiOjEyMDAwMDAwMDAwMDAsInVwZGF0ZSI6MTIwMDAwMDAwMDAwMH19"
        }
      ]
    },
    {
      "module": "module.monitoring",
      "mode": "managed",
      "type": "docker_volume",
      "name": "alertmanager_data",
      "provider": "provider[\"registry.terraform.io/kreuzwerker/docker\"]",
      "instances": [
        {
          "schema_version": 1,
          "attributes": {
            "driver": "local",
            "driver_opts": {},
            "id": "alertmanager_data",
            "labels": [],
            "mountpoint": "/var/lib/docker/volumes/alertmanager_data/_data",
            "name": "alertmanager_data"
          },
          "sensitive_attributes": [],
          "identity_schema_version": 0,
          "private": "eyJzY2hlbWFfdmVyc2lvbiI6IjEifQ=="
        }
      ]
    },
    {
      "module": "module.monitoring",
      "mode": "managed",
      "type": "docker_volume",
      "name": "grafana_data",
      "provider": "provider[\"registry.terraform.io/kreuzwerker/docker\"]",
      "instances": [
        {
          "schema_version": 1,
          "attributes": {
            "driver": "local",
            "driver_opts": {},
            "id": "grafana_data",
            "labels": [],
            "mountpoint": "/var/lib/docker/volumes/grafana_data/_data",
            "name": "grafana_data"
          },
          "sensitive_attributes": [],
          "identity_schema_version": 0,
          "private": "eyJzY2hlbWFfdmVyc2lvbiI6IjEifQ=="
        }
      ]
    },
    {
      "module": "module.monitoring",
      "mode": "managed",
      "type": "docker_volume",
      "name": "prometheus_data",
      "provider": "provider[\"registry.terraform.io/kreuzwerker/docker\"]",
      "instances": [
        {
          "schema_version": 1,
          "attributes": {
            "driver": "local",
            "driver_opts": {},
            "id": "prometheus_data",
            "labels": [],
            "mountpoint": "/var/lib/docker/volumes/prometheus_data/_data",
            "name": "prometheus_data"
          },
          "sensitive_attributes": [],
          "identity_schema_version": 0,
          "private": "eyJzY2hlbWFfdmVyc2lvbiI6IjEifQ=="
        }
      ]
    },
    {
      "module": "module.postgres",
      "mode": "managed",
      "type": "docker_container",
      "name": "postgres",
      "provider": "provider[\"registry.terraform.io/kreuzwerker/docker\"]",
      "instances": [
        {
          "schema_version": 2,
          "attributes": {
            "attach": false,
            "bridge": "",
            "capabilities": [],
            "cgroupns_mode": null,
            "command": [
              "postgres"
            ],
            "container_logs": null,
            "container_read_refresh_timeout_milliseconds": 15000,
            "cpu_set": "",
            "cpu_shares": 0,
            "cpus": null,
            "destroy_grace_seconds": null,
            "devices": [],
            "dns": [],
            "dns_opts": [],
            "dns_search": [],
            "domainname": "",
            "entrypoint": [
              "docker-entrypoint.sh"
            ],
            "env": [
              "POSTGRES_DB=todo_db",
              "POSTGRES_PASSWORD=password",
              "POSTGRES_USER=user"
            ],
            "exit_code": null,
            "gpus": null,
            "group_add": [],
            "healthcheck": [],
            "host": [],
            "hostname": "ab746dbd551c",
            "id": "ab746dbd551c4da9dc1d9ff92648a378dd32344a405cab57589f3e77783961e5",
            "image": "postgres:15",
            "init": false,
            "ipc_mode": "private",
            "labels": [],
            "log_driver": "json-file",
            "log_opts": {},
            "logs": false,
            "max_retry_count": 0,
            "memory": 0,
            "memory_swap": 0,
            "mounts": [],
            "must_run": true,
            "name": "postgres",
            "network_data": [
              {
                "gateway": "172.20.0.1",
                "global_ipv6_address": "",
                "global_ipv6_prefix_length": 0,
                "ip_address": "172.20.0.3",
                "ip_prefix_length": 16,
                "ipv6_gateway": "",
                "mac_address": "fa:0f:a7:c7:fa:99",
                "network_name": "todo-app-network"
              }
            ],
            "network_mode": "bridge",
            "networks_advanced": [
              {
                "aliases": [],
                "ipv4_address": "",
                "ipv6_address": "",
                "name": "todo-app-network"
              }
            ],
            "pid_mode": "",
            "ports": [],
            "privileged": false,
            "publish_all_ports": false,
            "read_only": false,
            "remove_volumes": true,
            "restart": "unless-stopped",
            "rm": false,
            "runtime": "runc",
            "security_opts": [],
            "shm_size": 64,
            "start": true,
            "stdin_open": false,
            "stop_signal": "SIGINT",
            "stop_timeout": 0,
            "storage_opts": {},
            "sysctls": {},
            "tmpfs": {},
            "tty": false,
            "ulimit": [],
            "upload": [],
            "user": "",
            "userns_mode": "",
            "volumes": [
              {
                "container_path": "/var/lib/postgresql/data",
                "from_container": "",
                "host_path": "",
                "read_only": false,
                "volume_name": "postgres_data"
              }
            ],
            "wait": false,
            "wait_timeout": 60,
            "working_dir": ""
          },
          "sensitive_attributes": [],
          "identity_schema_version": 0,
          "private": "eyJzY2hlbWFfdmVyc2lvbiI6IjIifQ==",
          "dependencies": [
            "docker_network.app_network",
            "module.postgres.docker_image.postgres",
            "module.postgres.docker_volume.postgres_data"
          ]
        }
      ]
    },
    {
      "module": "module.postgres",
      "mode": "managed",
      "type": "docker_container",
      "name": "postgres_exporter",
      "provider": "provider[\"registry.terraform.io/kreuzwerker/docker\"]",
      "instances": [
        {
          "schema_version": 2,
          "attributes": {
            "attach": false,
            "bridge": "",
            "capabilities": [],
            "cgroupns_mode": null,
            "command": [],
            "container_logs": null,
            "container_read_refresh_timeout_milliseconds": 15000,
            "cpu_set": "",
            "cpu_shares": 0,
            "cpus": null,
            "destroy_grace_seconds": null,
            "devices": [],
            "dns": [],
            "dns_opts": [],
            "dns_search": [],
            "domainname": "",
            "entrypoint": [
              "/bin/postgres_exporter"
            ],
            "env": [
              "DATA_SOURCE_NAME=postgresql://user:password@postgres:5432/todo_db?sslmode=disable"
            ],
            "exit_code": null,
            "gpus": null,
            "group_add": [],
            "healthcheck": [],
            "host": [],
            "hostname": "db1ab9617ad9",
            "id": "db1ab9617ad9df74a9e16775b42d5ed3a49cab781abc2d480db34ca574eef8a6",
            "image": "prometheuscommunity/postgres-exporter:v0.15.0",
            "init": false,
            "ipc_mode": "private",
            "labels": [],
            "log_driver": "json-file",
            "log_opts": {},
            "logs": false,
            "max_retry_count": 0,
            "memory": 0,
            "memory_swap": 0,
            "mounts": [],
            "must_run": true,
            "name": "postgres_exporter",
            "network_data": [
              {
                "gateway": "172.20.0.1",
                "global_ipv6_address": "",
                "global_ipv6_prefix_length": 0,
                "ip_address": "172.20.0.4",
                "ip_prefix_length": 16,
                "ipv6_gateway": "",
                "mac_address": "36:27:92:1d:59:5b",
                "network_name": "todo-app-network"
              }
            ],
            "network_mode": "bridge",
            "networks_advanced": [
              {
                "aliases": [],
                "ipv4_address": "",
                "ipv6_address": "",
                "name": "todo-app-network"
              }
            ],
            "pid_mode": "",
            "ports": [
              {
                "external": 9187,
                "internal": 9187,
                "ip": "0.0.0.0",
                "protocol": "tcp"
              }
            ],
            "privileged": false,
            "publish_all_ports": false,
            "read_only": false,
            "remove_volumes": true,
            "restart": "no",
            "rm": false,
            "runtime": "runc",
            "security_opts": [],
            "shm_size": 64,
            "start": true,
            "stdin_open": false,
            "stop_signal": "",
            "stop_timeout": 0,
            "storage_opts": {},
            "sysctls": {},
            "tmpfs": {},
            "tty": false,
            "ulimit": [],
            "upload": [],
            "user": "nobody",
            "userns_mode": "",
            "volumes": [],
            "wait": false,
            "wait_timeout": 60,
            "working_dir": ""
          },
          "sensitive_attributes": [],
          "identity_schema_version": 0,
          "private": "eyJzY2hlbWFfdmVyc2lvbiI6IjIifQ==",
          "dependencies": [
            "docker_network.app_network",
            "module.postgres.docker_container.postgres",
            "module.postgres.docker_image.postgres",
            "module.postgres.docker_image.postgres_exporter",
            "module.postgres.docker_volume.postgres_data"
          ]
        }
      ]
    },
    {
      "module": "module.postgres",
      "mode": "managed",
      "type": "docker_image",
      "name": "postgres",
      "provider": "provider[\"registry.terraform.io/kreuzwerker/docker\"]",
      "instances": [
        {
          "schema_version": 0,
          "attributes": {
            "build": [],
            "force_remove": null,
            "id": "sha256:f57a3bdbf044f0b213fdc99f35a0d21c401608bf41f063176ec00c51df9655f7postgres:15",
            "image_id": "sha256:f57a3bdbf044f0b213fdc99f35a0d21c401608bf41f063176ec00c51df9655f7",
            "keep_locally": true,
            "name": "postgres:15",
            "platform": null,
            "pull_triggers": null,
            "repo_digest": "postgres@sha256:f57a3bdbf044f0b213fdc99f35a0d21c401608bf41f063176ec00c51df9655f7",
            "timeouts": null,
            "triggers": null
          },
          "sensitive_attributes": [],
          "identity_schema_version": 0,
          "private": "eyJlMmJmYjczMC1lY2FhLTExZTYtOGY4OC0zNDM2M2JjN2M0YzAiOnsiY3JlYXRlIjoxMjAwMDAwMDAwMDAwLCJkZWxldGUiOjEyMDAwMDAwMDAwMDAsInVwZGF0ZSI6MTIwMDAwMDAwMDAwMH19"
        }
      ]
    },
    {
      "module": "module.postgres",
      "mode": "managed",
      "type": "docker_image",
      "name": "postgres_exporter",
      "provider": "provider[\"registry.terraform.io/kreuzwerker/docker\"]",
      "instances": [
        {
          "schema_version": 0,
          "attributes": {
            "build": [],
            "force_remove": null,
            "id": "sha256:386b12d19eab2a37d7cd8ca8b4c7491cc7a830d9581f49af6c98a393da9605e6prometheuscommunity/postgres-exporter:v0.15.0",
            "image_id": "sha256:386b12d19eab2a37d7cd8ca8b4c7491cc7a830d9581f49af6c98a393da9605e6",
            "keep_locally": true,
            "name": "prometheuscommunity/postgres-exporter:v0.15.0",
            "platform": null,
            "pull_triggers": null,
            "repo_digest": "prometheuscommunity/postgres-exporter@sha256:386b12d19eab2a37d7cd8ca8b4c7491cc7a830d9581f49af6c98a393da9605e6",
            "timeouts": null,
            "triggers": null
          },
          "sensitive_attributes": [],
          "identity_schema_version": 0,
          "private": "eyJlMmJmYjczMC1lY2FhLTExZTYtOGY4OC0zNDM2M2JjN2M0YzAiOnsiY3JlYXRlIjoxMjAwMDAwMDAwMDAwLCJkZWxldGUiOjEyMDAwMDAwMDAwMDAsInVwZGF0ZSI6MTIwMDAwMDAwMDAwMH19"
        }
      ]
    },
    {
      "module": "module.postgres",
      "mode": "managed",
      "type": "docker_volume",
      "name": "postgres_data",
      "provider": "provider[\"registry.terraform.io/kreuzwerker/docker\"]",
      "instances": [
        {
          "schema_version": 1,
          "attributes": {
            "driver": "local",
            "driver_opts": {},
            "id": "postgres_data",
            "labels": [],
            "mountpoint": "/var/lib/docker/volumes/postgres_data/_data",
            "name": "postgres_data"
          },
          "sensitive_attributes": [],
          "identity_schema_version": 0,
          "private": "eyJzY2hlbWFfdmVyc2lvbiI6IjEifQ=="
        }
      ]
    }
  ],
  "check_results": null
}
